<?xml version="1.0" encoding="utf-8"?>
<Project ToolsVersion="4.0" xmlns="http://schemas.microsoft.com/developer/msbuild/2003">
  <ItemGroup>
    <Filter Include="Header Files">
      <UniqueIdentifier>{93995380-89BD-4b04-88EB-625FBE52EBFB}</UniqueIdentifier>
      <Extensions>h;hh;hpp;hxx;h++;hm;inl;inc;ipp;xsd</Extensions>
    </Filter>
    <Filter Include="Resource Files">
      <UniqueIdentifier>{67DA6AB6-F800-4c08-8B7A-83BB121AAD01}</UniqueIdentifier>
      <Extensions>rc;ico;cur;bmp;dlg;rc2;rct;bin;rgs;gif;jpg;jpeg;jpe;resx;tiff;tif;png;wav;mfcribbon-ms</Extensions>
    </Filter>
  </ItemGroup>
  <ItemGroup>
    <ClCompile Include="Calculator.cpp">
      <Filter>Resource Files</Filter>
    </ClCompile>
    <ClCompile Include="Car.cpp">
      <Filter>Resource Files</Filter>
    </ClCompile>
    <ClCompile Include="Counter.cpp">
      <Filter>Resource Files</Filter>
    </ClCompile>
    <ClCompile Include="Distance.cpp">
      <Filter>Resource Files</Filter>
    </ClCompile>
    <ClCompile Include="Labs c++ VSC.cpp">
      <Filter>Resource Files</Filter>
    </ClCompile>
    <ClCompile Include="Overlaoding.cpp">
      <Filter>Resource Files</Filter>
    </ClCompile>
    <ClCompile Include="Walk.cpp">
      <Filter>Resource Files</Filter>
    </ClCompile>
    <ClCompile Include="Person.cpp">
      <Filter>Resource Files</Filter>
    </ClCompile>
    <ClCompile Include="Student.cpp" />
  </ItemGroup>
  <ItemGroup>
    <ClInclude Include="Car.h">
      <Filter>Header Files</Filter>
    </ClInclude>
    <ClInclude Include="Overlaoding.h">
      <Filter>Header Files</Filter>
    </ClInclude>
    <ClInclude Include="Distance.h">
      <Filter>Header Files</Filter>
    </ClInclude>
    <ClInclude Include="Calculator.h">
      <Filter>Header Files</Filter>
    </ClInclude>
    <ClInclude Include="Counter.h">
      <Filter>Header Files</Filter>
    </ClInclude>
    <ClInclude Include="resource.h">
      <Filter>Header Files</Filter>
    </ClInclude>
    <ClInclude Include="Person.h">
      <Filter>Header Files</Filter>
    </ClInclude>
    <ClInclude Include="Student.h">
      <Filter>Header Files</Filter>
    </ClInclude>
  </ItemGroup>
  <ItemGroup>
    <ResourceCompile Include="Labs c++ VSC.rc">
      <Filter>Resource Files</Filter>
    </ResourceCompile>
  </ItemGroup>
</Project>